
Microsoft Visual Studio Solution File, Format Version 12.00
# Visual Studio Version 17
VisualStudioVersion = 17.3.32922.545
MinimumVisualStudioVersion = 10.0.40219.1
Project("{FAE04EC0-301F-11D3-BF4B-00C04F79EFBC}") = "safe_game", "safe_game\safe_game.csproj", "{A3E4CF63-265A-436A-BD7B-B26D36D96168}"
EndProject
Global
	GlobalSection(SolutionConfigurationPlatforms) = preSolution
		Debug|Any CPU = Debug|Any CPU
		Release|Any CPU = Release|Any CPU
	EndGlobalSection
	GlobalSection(ProjectConfigurationPlatforms) = postSolution
		{A3E4CF63-265A-436A-BD7B-B26D36D96168}.Debug|Any CPU.ActiveCfg = Debug|Any CPU
		{A3E4CF63-265A-436A-BD7B-B26D36D96168}.Debug|Any CPU.Build.0 = Debug|Any CPU
		{A3E4CF63-265A-436A-BD7B-B26D36D96168}.Release|Any CPU.ActiveCfg = Release|Any CPU
		{A3E4CF63-265A-436A-BD7B-B26D36D96168}.Release|Any CPU.Build.0 = Release|Any CPU
	EndGlobalSection
	GlobalSection(SolutionProperties) = preSolution
		HideSolutionNode = FALSE
	EndGlobalSection
	GlobalSection(ExtensibilityGlobals) = postSolution
		SolutionGuid = {8C5C8B6A-67BF-4617-8BAF-D406ABBDDEC7}
	EndGlobalSection
EndGlobal
